
Microsoft Visual Studio Solution File, Format Version 12.00
# Visual Studio Version 17
VisualStudioVersion = 17.6.33712.159
MinimumVisualStudioVersion = 10.0.40219.1
Project("{9A19103F-16F7-4668-BE54-9A1E7A4F7556}") = "ElevatorControlSystem", "ElevatorControlSystem\ElevatorControlSystem.csproj", "{18BDC6A7-E6C8-4229-B76F-D22CF2FCA77A}"
EndProject
Global
	GlobalSection(SolutionConfigurationPlatforms) = preSolution
		Debug|Any CPU = Debug|Any CPU
		Release|Any CPU = Release|Any CPU
	EndGlobalSection
	GlobalSection(ProjectConfigurationPlatforms) = postSolution
		{18BDC6A7-E6C8-4229-B76F-D22CF2FCA77A}.Debug|Any CPU.ActiveCfg = Debug|Any CPU
		{18BDC6A7-E6C8-4229-B76F-D22CF2FCA77A}.Debug|Any CPU.Build.0 = Debug|Any CPU
		{18BDC6A7-E6C8-4229-B76F-D22CF2FCA77A}.Release|Any CPU.ActiveCfg = Release|Any CPU
		{18BDC6A7-E6C8-4229-B76F-D22CF2FCA77A}.Release|Any CPU.Build.0 = Release|Any CPU
	EndGlobalSection
	GlobalSection(SolutionProperties) = preSolution
		HideSolutionNode = FALSE
	EndGlobalSection
	GlobalSection(ExtensibilityGlobals) = postSolution
		SolutionGuid = {C34287A4-57B7-4DA8-A902-BBDDC08A560A}
	EndGlobalSection
EndGlobal
